
Microsoft Visual Studio Solution File, Format Version 12.00
# Visual Studio 15
VisualStudioVersion = 15.0.28307.572
MinimumVisualStudioVersion = 10.0.40219.1
Project("{FAE04EC0-301F-11D3-BF4B-00C04F79EFBC}") = "GitWork", "GitWork\GitWork.csproj", "{495E20ED-02A3-4A30-9B47-7246A54B2712}"
EndProject
Global
	GlobalSection(SolutionConfigurationPlatforms) = preSolution
		Debug|Any CPU = Debug|Any CPU
		Release|Any CPU = Release|Any CPU
	EndGlobalSection
	GlobalSection(ProjectConfigurationPlatforms) = postSolution
		{495E20ED-02A3-4A30-9B47-7246A54B2712}.Debug|Any CPU.ActiveCfg = Debug|Any CPU
		{495E20ED-02A3-4A30-9B47-7246A54B2712}.Debug|Any CPU.Build.0 = Debug|Any CPU
		{495E20ED-02A3-4A30-9B47-7246A54B2712}.Release|Any CPU.ActiveCfg = Release|Any CPU
		{495E20ED-02A3-4A30-9B47-7246A54B2712}.Release|Any CPU.Build.0 = Release|Any CPU
	EndGlobalSection
	GlobalSection(SolutionProperties) = preSolution
		HideSolutionNode = FALSE
	EndGlobalSection
	GlobalSection(ExtensibilityGlobals) = postSolution
		SolutionGuid = {C37150AC-E244-44D4-970B-8380CED735A1}
	EndGlobalSection
EndGlobal
